
Microsoft Visual Studio Solution File, Format Version 11.00
# Visual Studio 2010
Project("{8BC9CEB8-8B4A-11D0-8D11-00A0C91BC942}") = "MathCalculator", "MathCalculator\MathCalculator.vcxproj", "{314F4A68-EEB7-477E-8AE7-CAE86E78C053}"
EndProject
Global
	GlobalSection(SolutionConfigurationPlatforms) = preSolution
		Debug|Win32 = Debug|Win32
		Release|Win32 = Release|Win32
	EndGlobalSection
	GlobalSection(ProjectConfigurationPlatforms) = postSolution
		{314F4A68-EEB7-477E-8AE7-CAE86E78C053}.Debug|Win32.ActiveCfg = Debug|Win32
		{314F4A68-EEB7-477E-8AE7-CAE86E78C053}.Debug|Win32.Build.0 = Debug|Win32
		{314F4A68-EEB7-477E-8AE7-CAE86E78C053}.Release|Win32.ActiveCfg = Release|Win32
		{314F4A68-EEB7-477E-8AE7-CAE86E78C053}.Release|Win32.Build.0 = Release|Win32
	EndGlobalSection
	GlobalSection(SolutionProperties) = preSolution
		HideSolutionNode = FALSE
	EndGlobalSection
EndGlobal
